
Microsoft Visual Studio Solution File, Format Version 12.00
# Visual Studio Version 17
VisualStudioVersion = 17.7.34031.279
MinimumVisualStudioVersion = 10.0.40219.1
Project("{FAE04EC0-301F-11D3-BF4B-00C04F79EFBC}") = "lab 4-2", "lab 4-2\lab 4-2.csproj", "{7504B026-32C3-482A-AAFA-EEB25B1D73B1}"
EndProject
Global
	GlobalSection(SolutionConfigurationPlatforms) = preSolution
		Debug|Any CPU = Debug|Any CPU
		Release|Any CPU = Release|Any CPU
	EndGlobalSection
	GlobalSection(ProjectConfigurationPlatforms) = postSolution
		{7504B026-32C3-482A-AAFA-EEB25B1D73B1}.Debug|Any CPU.ActiveCfg = Debug|Any CPU
		{7504B026-32C3-482A-AAFA-EEB25B1D73B1}.Debug|Any CPU.Build.0 = Debug|Any CPU
		{7504B026-32C3-482A-AAFA-EEB25B1D73B1}.Release|Any CPU.ActiveCfg = Release|Any CPU
		{7504B026-32C3-482A-AAFA-EEB25B1D73B1}.Release|Any CPU.Build.0 = Release|Any CPU
	EndGlobalSection
	GlobalSection(SolutionProperties) = preSolution
		HideSolutionNode = FALSE
	EndGlobalSection
	GlobalSection(ExtensibilityGlobals) = postSolution
		SolutionGuid = {8D61BA41-ADEF-4DD3-AE43-134AA11E4D7E}
	EndGlobalSection
EndGlobal
